# This file is automatically @generated by Cargo.
# It is not intended for manual editing.
[[package]]
name = "cbindgen-meta"
version = "0.1.0"
dependencies = [
 "unity-rust-test 0.0.0",
 "unity-rust-test-2 0.0.0",
]

[[package]]
name = "unity-rust-test"
version = "0.0.0"
dependencies = [
 "unity-rust-test-2 0.0.0",
]

[[package]]
name = "unity-rust-test-2"
version = "0.0.0"

